
Microsoft Visual Studio Solution File, Format Version 11.00
# Visual Studio 2010
Project("{8BC9CEB8-8B4A-11D0-8D11-00A0C91BC942}") = "DBA", "DBA\DBA.vcxproj", "{42B3AE07-F921-4595-AD64-5B4F5D65910E}"
EndProject
Global
	GlobalSection(SolutionConfigurationPlatforms) = preSolution
		Debug|Win32 = Debug|Win32
		Release|Win32 = Release|Win32
	EndGlobalSection
	GlobalSection(ProjectConfigurationPlatforms) = postSolution
		{42B3AE07-F921-4595-AD64-5B4F5D65910E}.Debug|Win32.ActiveCfg = Debug|Win32
		{42B3AE07-F921-4595-AD64-5B4F5D65910E}.Debug|Win32.Build.0 = Debug|Win32
		{42B3AE07-F921-4595-AD64-5B4F5D65910E}.Release|Win32.ActiveCfg = Release|Win32
		{42B3AE07-F921-4595-AD64-5B4F5D65910E}.Release|Win32.Build.0 = Release|Win32
	EndGlobalSection
	GlobalSection(SolutionProperties) = preSolution
		HideSolutionNode = FALSE
	EndGlobalSection
EndGlobal
