
Microsoft Visual Studio Solution File, Format Version 11.00
# Visual Studio 2010
Project("{8BC9CEB8-8B4A-11D0-8D11-00A0C91BC942}") = "DAM", "DAM\DAM.vcxproj", "{DBAF3ACD-AB29-4443-8D7F-815E2502BD92}"
EndProject
Global
	GlobalSection(SolutionConfigurationPlatforms) = preSolution
		Debug|Win32 = Debug|Win32
		Release|Win32 = Release|Win32
	EndGlobalSection
	GlobalSection(ProjectConfigurationPlatforms) = postSolution
		{DBAF3ACD-AB29-4443-8D7F-815E2502BD92}.Debug|Win32.ActiveCfg = Debug|Win32
		{DBAF3ACD-AB29-4443-8D7F-815E2502BD92}.Debug|Win32.Build.0 = Debug|Win32
		{DBAF3ACD-AB29-4443-8D7F-815E2502BD92}.Release|Win32.ActiveCfg = Release|Win32
		{DBAF3ACD-AB29-4443-8D7F-815E2502BD92}.Release|Win32.Build.0 = Release|Win32
	EndGlobalSection
	GlobalSection(SolutionProperties) = preSolution
		HideSolutionNode = FALSE
	EndGlobalSection
EndGlobal
